
Microsoft Visual Studio Solution File, Format Version 12.00
# Visual Studio 15
VisualStudioVersion = 15.0.28307.1209
MinimumVisualStudioVersion = 10.0.40219.1
Project("{FAE04EC0-301F-11D3-BF4B-00C04F79EFBC}") = "Simple RDP Server", "TCP to RDP Converter\Simple RDP Server.csproj", "{9E614D8B-5A5F-48E0-9523-CB29D0D22137}"
EndProject
Project("{FAE04EC0-301F-11D3-BF4B-00C04F79EFBC}") = "Simple RDP Client", "..\Simple RDP Client\Simple RDP Client\Simple RDP Client.csproj", "{07855932-2E79-451C-A29B-F6956DC51A3E}"
EndProject
Project("{FAE04EC0-301F-11D3-BF4B-00C04F79EFBC}") = "CommonFunc", "CommonFunc\CommonFunc.csproj", "{4D0F6F79-B053-49E2-AC41-A4A5C2ABDC8C}"
EndProject
Project("{FAE04EC0-301F-11D3-BF4B-00C04F79EFBC}") = "UMCLocker", "..\..\..\LOCKER\UMCLocker\UMCLocker\UMCLocker\UMCLocker.csproj", "{1AEA3709-BB45-4DF5-A8CE-374AD830EFF2}"
EndProject
Global
	GlobalSection(SolutionConfigurationPlatforms) = preSolution
		Debug|Any CPU = Debug|Any CPU
		Release|Any CPU = Release|Any CPU
	EndGlobalSection
	GlobalSection(ProjectConfigurationPlatforms) = postSolution
		{9E614D8B-5A5F-48E0-9523-CB29D0D22137}.Debug|Any CPU.ActiveCfg = Debug|Any CPU
		{9E614D8B-5A5F-48E0-9523-CB29D0D22137}.Debug|Any CPU.Build.0 = Debug|Any CPU
		{9E614D8B-5A5F-48E0-9523-CB29D0D22137}.Release|Any CPU.ActiveCfg = Release|Any CPU
		{9E614D8B-5A5F-48E0-9523-CB29D0D22137}.Release|Any CPU.Build.0 = Release|Any CPU
		{07855932-2E79-451C-A29B-F6956DC51A3E}.Debug|Any CPU.ActiveCfg = Debug|Any CPU
		{07855932-2E79-451C-A29B-F6956DC51A3E}.Debug|Any CPU.Build.0 = Debug|Any CPU
		{07855932-2E79-451C-A29B-F6956DC51A3E}.Release|Any CPU.ActiveCfg = Release|Any CPU
		{07855932-2E79-451C-A29B-F6956DC51A3E}.Release|Any CPU.Build.0 = Release|Any CPU
		{4D0F6F79-B053-49E2-AC41-A4A5C2ABDC8C}.Debug|Any CPU.ActiveCfg = Debug|Any CPU
		{4D0F6F79-B053-49E2-AC41-A4A5C2ABDC8C}.Debug|Any CPU.Build.0 = Debug|Any CPU
		{4D0F6F79-B053-49E2-AC41-A4A5C2ABDC8C}.Release|Any CPU.ActiveCfg = Release|Any CPU
		{4D0F6F79-B053-49E2-AC41-A4A5C2ABDC8C}.Release|Any CPU.Build.0 = Release|Any CPU
		{1AEA3709-BB45-4DF5-A8CE-374AD830EFF2}.Debug|Any CPU.ActiveCfg = Debug|Any CPU
		{1AEA3709-BB45-4DF5-A8CE-374AD830EFF2}.Debug|Any CPU.Build.0 = Debug|Any CPU
		{1AEA3709-BB45-4DF5-A8CE-374AD830EFF2}.Release|Any CPU.ActiveCfg = Release|Any CPU
		{1AEA3709-BB45-4DF5-A8CE-374AD830EFF2}.Release|Any CPU.Build.0 = Release|Any CPU
	EndGlobalSection
	GlobalSection(SolutionProperties) = preSolution
		HideSolutionNode = FALSE
	EndGlobalSection
	GlobalSection(ExtensibilityGlobals) = postSolution
		SolutionGuid = {883314D6-4595-442F-90B4-698D888B7000}
	EndGlobalSection
EndGlobal
